// !$*UTF8*$!
{
	archiveVersion = 1;
	classes = {
	};
	objectVersion = 55;
	objects = {

/* Begin PBXBuildFile section */
		034F53092C93B5F1005DD00B /* Sparkle in Frameworks */ = {isa = PBXBuildFile; productRef = 034F53082C93B5F1005DD00B /* Sparkle */; };
		034F530F2C93B698005DD00B /* Sauce in Frameworks */ = {isa = PBXBuildFile; productRef = 034F530E2C93B698005DD00B /* Sauce */; };
		03638E2E2C9466EF00128C61 /* AutoClicker.swift in Sources */ = {isa = PBXBuildFile; fileRef = 03638E2D2C9466EF00128C61 /* AutoClicker.swift */; };
		03638E302C9480F200128C61 /* AllowLimitTransformer.swift in Sources */ = {isa = PBXBuildFile; fileRef = 03638E2F2C9480F200128C61 /* AllowLimitTransformer.swift */; };
		03638E332C95DC4C00128C61 /* ClickerMode.swift in Sources */ = {isa = PBXBuildFile; fileRef = 03638E322C95DC4C00128C61 /* ClickerMode.swift */; };
		851EB554273EE5820016F8CF /* KeyPopoverViewController.swift in Sources */ = {isa = PBXBuildFile; fileRef = 851EB553273EE5820016F8CF /* KeyPopoverViewController.swift */; };
		851EB556273F05080016F8CF /* KeyCodeToCharTransformer.swift in Sources */ = {isa = PBXBuildFile; fileRef = 851EB555273F05080016F8CF /* KeyCodeToCharTransformer.swift */; };
		85404CB0284AC1AE002B38F9 /* Localizable.strings in Resources */ = {isa = PBXBuildFile; fileRef = 85404CB2284AC1AE002B38F9 /* Localizable.strings */; };
		855698AE2737F80E0006B556 /* AppDelegate.swift in Sources */ = {isa = PBXBuildFile; fileRef = 855698AD2737F80E0006B556 /* AppDelegate.swift */; };
		855698B02737F80E0006B556 /* MainViewController.swift in Sources */ = {isa = PBXBuildFile; fileRef = 855698AF2737F80E0006B556 /* MainViewController.swift */; };
		855698B22737F80F0006B556 /* Assets.xcassets in Resources */ = {isa = PBXBuildFile; fileRef = 855698B12737F80F0006B556 /* Assets.xcassets */; };
		855698B52737F80F0006B556 /* Main.storyboard in Resources */ = {isa = PBXBuildFile; fileRef = 855698B32737F80F0006B556 /* Main.storyboard */; };
		85AFCCA1274305DA00F52832 /* ForceIntegerFormatter.swift in Sources */ = {isa = PBXBuildFile; fileRef = 85AFCCA0274305DA00F52832 /* ForceIntegerFormatter.swift */; };
		85FB18152741B29700597FE9 /* AllowCPSTransformer.swift in Sources */ = {isa = PBXBuildFile; fileRef = 85FB18142741B29700597FE9 /* AllowCPSTransformer.swift */; };
/* End PBXBuildFile section */

/* Begin PBXFileReference section */
		03638E2D2C9466EF00128C61 /* AutoClicker.swift */ = {isa = PBXFileReference; lastKnownFileType = sourcecode.swift; path = AutoClicker.swift; sourceTree = "<group>"; };
		03638E2F2C9480F200128C61 /* AllowLimitTransformer.swift */ = {isa = PBXFileReference; lastKnownFileType = sourcecode.swift; path = AllowLimitTransformer.swift; sourceTree = "<group>"; };
		03638E322C95DC4C00128C61 /* ClickerMode.swift */ = {isa = PBXFileReference; lastKnownFileType = sourcecode.swift; path = ClickerMode.swift; sourceTree = "<group>"; };
		851EB553273EE5820016F8CF /* KeyPopoverViewController.swift */ = {isa = PBXFileReference; lastKnownFileType = sourcecode.swift; path = KeyPopoverViewController.swift; sourceTree = "<group>"; };
		851EB555273F05080016F8CF /* KeyCodeToCharTransformer.swift */ = {isa = PBXFileReference; lastKnownFileType = sourcecode.swift; path = KeyCodeToCharTransformer.swift; sourceTree = "<group>"; };
		85404CB1284AC1AE002B38F9 /* en */ = {isa = PBXFileReference; lastKnownFileType = text.plist.strings; name = en; path = en.lproj/Localizable.strings; sourceTree = "<group>"; };
		85404CB3284AC1B2002B38F9 /* de */ = {isa = PBXFileReference; lastKnownFileType = text.plist.strings; name = de; path = de.lproj/Localizable.strings; sourceTree = "<group>"; };
		855698AA2737F80E0006B556 /* MaClicker.app */ = {isa = PBXFileReference; explicitFileType = wrapper.application; includeInIndex = 0; path = MaClicker.app; sourceTree = BUILT_PRODUCTS_DIR; };
		855698AD2737F80E0006B556 /* AppDelegate.swift */ = {isa = PBXFileReference; lastKnownFileType = sourcecode.swift; path = AppDelegate.swift; sourceTree = "<group>"; };
		855698AF2737F80E0006B556 /* MainViewController.swift */ = {isa = PBXFileReference; lastKnownFileType = sourcecode.swift; path = MainViewController.swift; sourceTree = "<group>"; };
		855698B12737F80F0006B556 /* Assets.xcassets */ = {isa = PBXFileReference; lastKnownFileType = folder.assetcatalog; path = Assets.xcassets; sourceTree = "<group>"; };
		855698B62737F80F0006B556 /* MaClicker.entitlements */ = {isa = PBXFileReference; lastKnownFileType = text.plist.entitlements; path = MaClicker.entitlements; sourceTree = "<group>"; };
		855698BC273802C10006B556 /* Info.plist */ = {isa = PBXFileReference; lastKnownFileType = text.plist; path = Info.plist; sourceTree = "<group>"; };
		8573C41627458189000248F8 /* en */ = {isa = PBXFileReference; lastKnownFileType = file.storyboard; name = en; path = en.lproj/Main.storyboard; sourceTree = "<group>"; };
		8573C418274581E9000248F8 /* de */ = {isa = PBXFileReference; lastKnownFileType = file.storyboard; name = de; path = de.lproj/Main.storyboard; sourceTree = "<group>"; };
		85AFCCA0274305DA00F52832 /* ForceIntegerFormatter.swift */ = {isa = PBXFileReference; lastKnownFileType = sourcecode.swift; path = ForceIntegerFormatter.swift; sourceTree = "<group>"; };
		85FB18142741B29700597FE9 /* AllowCPSTransformer.swift */ = {isa = PBXFileReference; lastKnownFileType = sourcecode.swift; path = AllowCPSTransformer.swift; sourceTree = "<group>"; };
/* End PBXFileReference section */

/* Begin PBXFrameworksBuildPhase section */
		855698A72737F80E0006B556 /* Frameworks */ = {
			isa = PBXFrameworksBuildPhase;
			buildActionMask = 2147483647;
			files = (
				034F530F2C93B698005DD00B /* Sauce in Frameworks */,
				034F53092C93B5F1005DD00B /* Sparkle in Frameworks */,
			);
			runOnlyForDeploymentPostprocessing = 0;
		};
/* End PBXFrameworksBuildPhase section */

/* Begin PBXGroup section */
		03290F362C93C06E00EF34EE /* Transformer */ = {
			isa = PBXGroup;
			children = (
				851EB555273F05080016F8CF /* KeyCodeToCharTransformer.swift */,
				85FB18142741B29700597FE9 /* AllowCPSTransformer.swift */,
				03638E2F2C9480F200128C61 /* AllowLimitTransformer.swift */,
			);
			path = Transformer;
			sourceTree = "<group>";
		};
		03290F372C93C08800EF34EE /* Formatter */ = {
			isa = PBXGroup;
			children = (
				85AFCCA0274305DA00F52832 /* ForceIntegerFormatter.swift */,
			);
			path = Formatter;
			sourceTree = "<group>";
		};
		03290F382C93C09700EF34EE /* ViewController */ = {
			isa = PBXGroup;
			children = (
				855698AF2737F80E0006B556 /* MainViewController.swift */,
				851EB553273EE5820016F8CF /* KeyPopoverViewController.swift */,
			);
			path = ViewController;
			sourceTree = "<group>";
		};
		03638E2C2C9466DF00128C61 /* Helpers */ = {
			isa = PBXGroup;
			children = (
				03638E2D2C9466EF00128C61 /* AutoClicker.swift */,
			);
			path = Helpers;
			sourceTree = "<group>";
		};
		03638E312C95DC3900128C61 /* Models */ = {
			isa = PBXGroup;
			children = (
				03638E322C95DC4C00128C61 /* ClickerMode.swift */,
			);
			path = Models;
			sourceTree = "<group>";
		};
		855698A12737F80E0006B556 = {
			isa = PBXGroup;
			children = (
				855698AC2737F80E0006B556 /* MaClicker */,
				855698AB2737F80E0006B556 /* Products */,
			);
			sourceTree = "<group>";
		};
		855698AB2737F80E0006B556 /* Products */ = {
			isa = PBXGroup;
			children = (
				855698AA2737F80E0006B556 /* MaClicker.app */,
			);
			name = Products;
			sourceTree = "<group>";
		};
		855698AC2737F80E0006B556 /* MaClicker */ = {
			isa = PBXGroup;
			children = (
				855698BC273802C10006B556 /* Info.plist */,
				855698B62737F80F0006B556 /* MaClicker.entitlements */,
				855698B12737F80F0006B556 /* Assets.xcassets */,
				8573C41B27459FC7000248F8 /* Resources */,
				03290F362C93C06E00EF34EE /* Transformer */,
				03290F372C93C08800EF34EE /* Formatter */,
				03638E2C2C9466DF00128C61 /* Helpers */,
				03638E312C95DC3900128C61 /* Models */,
				03290F382C93C09700EF34EE /* ViewController */,
				855698AD2737F80E0006B556 /* AppDelegate.swift */,
			);
			path = MaClicker;
			sourceTree = "<group>";
		};
		8573C41B27459FC7000248F8 /* Resources */ = {
			isa = PBXGroup;
			children = (
				855698B32737F80F0006B556 /* Main.storyboard */,
				85404CB2284AC1AE002B38F9 /* Localizable.strings */,
			);
			path = Resources;
			sourceTree = "<group>";
		};
/* End PBXGroup section */

/* Begin PBXNativeTarget section */
		855698A92737F80E0006B556 /* MaClicker */ = {
			isa = PBXNativeTarget;
			buildConfigurationList = 855698B92737F80F0006B556 /* Build configuration list for PBXNativeTarget "MaClicker" */;
			buildPhases = (
				855698A62737F80E0006B556 /* Sources */,
				855698A72737F80E0006B556 /* Frameworks */,
				855698A82737F80E0006B556 /* Resources */,
			);
			buildRules = (
			);
			dependencies = (
			);
			name = MaClicker;
			packageProductDependencies = (
				034F53082C93B5F1005DD00B /* Sparkle */,
				034F530E2C93B698005DD00B /* Sauce */,
			);
			productName = MaClicker;
			productReference = 855698AA2737F80E0006B556 /* MaClicker.app */;
			productType = "com.apple.product-type.application";
		};
/* End PBXNativeTarget section */

/* Begin PBXProject section */
		855698A22737F80E0006B556 /* Project object */ = {
			isa = PBXProject;
			attributes = {
				BuildIndependentTargetsInParallel = 1;
				LastSwiftUpdateCheck = 1310;
				LastUpgradeCheck = 1310;
				TargetAttributes = {
					855698A92737F80E0006B556 = {
						CreatedOnToolsVersion = 13.1;
						LastSwiftMigration = 1310;
					};
				};
			};
			buildConfigurationList = 855698A52737F80E0006B556 /* Build configuration list for PBXProject "MaClicker" */;
			compatibilityVersion = "Xcode 13.0";
			developmentRegion = en;
			hasScannedForEncodings = 0;
			knownRegions = (
				en,
				de,
			);
			mainGroup = 855698A12737F80E0006B556;
			packageReferences = (
				034F53072C93B5F1005DD00B /* XCRemoteSwiftPackageReference "Sparkle" */,
				034F530D2C93B698005DD00B /* XCRemoteSwiftPackageReference "Sauce" */,
			);
			productRefGroup = 855698AB2737F80E0006B556 /* Products */;
			projectDirPath = "";
			projectRoot = "";
			targets = (
				855698A92737F80E0006B556 /* MaClicker */,
			);
		};
/* End PBXProject section */

/* Begin PBXResourcesBuildPhase section */
		855698A82737F80E0006B556 /* Resources */ = {
			isa = PBXResourcesBuildPhase;
			buildActionMask = 2147483647;
			files = (
				85404CB0284AC1AE002B38F9 /* Localizable.strings in Resources */,
				855698B22737F80F0006B556 /* Assets.xcassets in Resources */,
				855698B52737F80F0006B556 /* Main.storyboard in Resources */,
			);
			runOnlyForDeploymentPostprocessing = 0;
		};
/* End PBXResourcesBuildPhase section */

/* Begin PBXSourcesBuildPhase section */
		855698A62737F80E0006B556 /* Sources */ = {
			isa = PBXSourcesBuildPhase;
			buildActionMask = 2147483647;
			files = (
				851EB554273EE5820016F8CF /* KeyPopoverViewController.swift in Sources */,
				03638E302C9480F200128C61 /* AllowLimitTransformer.swift in Sources */,
				85FB18152741B29700597FE9 /* AllowCPSTransformer.swift in Sources */,
				855698B02737F80E0006B556 /* MainViewController.swift in Sources */,
				85AFCCA1274305DA00F52832 /* ForceIntegerFormatter.swift in Sources */,
				855698AE2737F80E0006B556 /* AppDelegate.swift in Sources */,
				851EB556273F05080016F8CF /* KeyCodeToCharTransformer.swift in Sources */,
				03638E332C95DC4C00128C61 /* ClickerMode.swift in Sources */,
				03638E2E2C9466EF00128C61 /* AutoClicker.swift in Sources */,
			);
			runOnlyForDeploymentPostprocessing = 0;
		};
/* End PBXSourcesBuildPhase section */

/* Begin PBXVariantGroup section */
		85404CB2284AC1AE002B38F9 /* Localizable.strings */ = {
			isa = PBXVariantGroup;
			children = (
				85404CB1284AC1AE002B38F9 /* en */,
				85404CB3284AC1B2002B38F9 /* de */,
			);
			name = Localizable.strings;
			sourceTree = "<group>";
		};
		855698B32737F80F0006B556 /* Main.storyboard */ = {
			isa = PBXVariantGroup;
			children = (
				8573C41627458189000248F8 /* en */,
				8573C418274581E9000248F8 /* de */,
			);
			name = Main.storyboard;
			sourceTree = "<group>";
		};
/* End PBXVariantGroup section */

/* Begin XCBuildConfiguration section */
		855698B72737F80F0006B556 /* Debug */ = {
			isa = XCBuildConfiguration;
			buildSettings = {
				ALWAYS_SEARCH_USER_PATHS = NO;
				CLANG_ANALYZER_LOCALIZABILITY_NONLOCALIZED = YES;
				CLANG_ANALYZER_NONNULL = YES;
				CLANG_ANALYZER_NUMBER_OBJECT_CONVERSION = YES_AGGRESSIVE;
				CLANG_CXX_LANGUAGE_STANDARD = "gnu++17";
				CLANG_CXX_LIBRARY = "libc++";
				CLANG_ENABLE_MODULES = YES;
				CLANG_ENABLE_OBJC_ARC = YES;
				CLANG_ENABLE_OBJC_WEAK = YES;
				CLANG_WARN_BLOCK_CAPTURE_AUTORELEASING = YES;
				CLANG_WARN_BOOL_CONVERSION = YES;
				CLANG_WARN_COMMA = YES;
				CLANG_WARN_CONSTANT_CONVERSION = YES;
				CLANG_WARN_DEPRECATED_OBJC_IMPLEMENTATIONS = YES;
				CLANG_WARN_DIRECT_OBJC_ISA_USAGE = YES_ERROR;
				CLANG_WARN_DOCUMENTATION_COMMENTS = YES;
				CLANG_WARN_EMPTY_BODY = YES;
				CLANG_WARN_ENUM_CONVERSION = YES;
				CLANG_WARN_INFINITE_RECURSION = YES;
				CLANG_WARN_INT_CONVERSION = YES;
				CLANG_WARN_NON_LITERAL_NULL_CONVERSION = YES;
				CLANG_WARN_OBJC_IMPLICIT_RETAIN_SELF = YES;
				CLANG_WARN_OBJC_LITERAL_CONVERSION = YES;
				CLANG_WARN_OBJC_ROOT_CLASS = YES_ERROR;
				CLANG_WARN_QUOTED_INCLUDE_IN_FRAMEWORK_HEADER = YES;
				CLANG_WARN_RANGE_LOOP_ANALYSIS = YES;
				CLANG_WARN_STRICT_PROTOTYPES = YES;
				CLANG_WARN_SUSPICIOUS_MOVE = YES;
				CLANG_WARN_UNGUARDED_AVAILABILITY = YES_AGGRESSIVE;
				CLANG_WARN_UNREACHABLE_CODE = YES;
				CLANG_WARN__DUPLICATE_METHOD_MATCH = YES;
				COPY_PHASE_STRIP = NO;
				DEBUG_INFORMATION_FORMAT = dwarf;
				ENABLE_STRICT_OBJC_MSGSEND = YES;
				ENABLE_TESTABILITY = YES;
				GCC_C_LANGUAGE_STANDARD = gnu11;
				GCC_DYNAMIC_NO_PIC = NO;
				GCC_NO_COMMON_BLOCKS = YES;
				GCC_OPTIMIZATION_LEVEL = 0;
				GCC_PREPROCESSOR_DEFINITIONS = (
					"DEBUG=1",
					"$(inherited)",
				);
				GCC_WARN_64_TO_32_BIT_CONVERSION = YES;
				GCC_WARN_ABOUT_RETURN_TYPE = YES_ERROR;
				GCC_WARN_UNDECLARED_SELECTOR = YES;
				GCC_WARN_UNINITIALIZED_AUTOS = YES_AGGRESSIVE;
				GCC_WARN_UNUSED_FUNCTION = YES;
				GCC_WARN_UNUSED_VARIABLE = YES;
				MACOSX_DEPLOYMENT_TARGET = 10.13;
				MTL_ENABLE_DEBUG_INFO = INCLUDE_SOURCE;
				MTL_FAST_MATH = YES;
				ONLY_ACTIVE_ARCH = YES;
				SDKROOT = macosx;
				SWIFT_ACTIVE_COMPILATION_CONDITIONS = DEBUG;
				SWIFT_OPTIMIZATION_LEVEL = "-Onone";
			};
			name = Debug;
		};
		855698B82737F80F0006B556 /* Release */ = {
			isa = XCBuildConfiguration;
			buildSettings = {
				ALWAYS_SEARCH_USER_PATHS = NO;
				CLANG_ANALYZER_LOCALIZABILITY_NONLOCALIZED = YES;
				CLANG_ANALYZER_NONNULL = YES;
				CLANG_ANALYZER_NUMBER_OBJECT_CONVERSION = YES_AGGRESSIVE;
				CLANG_CXX_LANGUAGE_STANDARD = "gnu++17";
				CLANG_CXX_LIBRARY = "libc++";
				CLANG_ENABLE_MODULES = YES;
				CLANG_ENABLE_OBJC_ARC = YES;
				CLANG_ENABLE_OBJC_WEAK = YES;
				CLANG_WARN_BLOCK_CAPTURE_AUTORELEASING = YES;
				CLANG_WARN_BOOL_CONVERSION = YES;
				CLANG_WARN_COMMA = YES;
				CLANG_WARN_CONSTANT_CONVERSION = YES;
				CLANG_WARN_DEPRECATED_OBJC_IMPLEMENTATIONS = YES;
				CLANG_WARN_DIRECT_OBJC_ISA_USAGE = YES_ERROR;
				CLANG_WARN_DOCUMENTATION_COMMENTS = YES;
				CLANG_WARN_EMPTY_BODY = YES;
				CLANG_WARN_ENUM_CONVERSION = YES;
				CLANG_WARN_INFINITE_RECURSION = YES;
				CLANG_WARN_INT_CONVERSION = YES;
				CLANG_WARN_NON_LITERAL_NULL_CONVERSION = YES;
				CLANG_WARN_OBJC_IMPLICIT_RETAIN_SELF = YES;
				CLANG_WARN_OBJC_LITERAL_CONVERSION = YES;
				CLANG_WARN_OBJC_ROOT_CLASS = YES_ERROR;
				CLANG_WARN_QUOTED_INCLUDE_IN_FRAMEWORK_HEADER = YES;
				CLANG_WARN_RANGE_LOOP_ANALYSIS = YES;
				CLANG_WARN_STRICT_PROTOTYPES = YES;
				CLANG_WARN_SUSPICIOUS_MOVE = YES;
				CLANG_WARN_UNGUARDED_AVAILABILITY = YES_AGGRESSIVE;
				CLANG_WARN_UNREACHABLE_CODE = YES;
				CLANG_WARN__DUPLICATE_METHOD_MATCH = YES;
				COPY_PHASE_STRIP = NO;
				DEBUG_INFORMATION_FORMAT = "dwarf-with-dsym";
				ENABLE_NS_ASSERTIONS = NO;
				ENABLE_STRICT_OBJC_MSGSEND = YES;
				GCC_C_LANGUAGE_STANDARD = gnu11;
				GCC_NO_COMMON_BLOCKS = YES;
				GCC_WARN_64_TO_32_BIT_CONVERSION = YES;
				GCC_WARN_ABOUT_RETURN_TYPE = YES_ERROR;
				GCC_WARN_UNDECLARED_SELECTOR = YES;
				GCC_WARN_UNINITIALIZED_AUTOS = YES_AGGRESSIVE;
				GCC_WARN_UNUSED_FUNCTION = YES;
				GCC_WARN_UNUSED_VARIABLE = YES;
				MACOSX_DEPLOYMENT_TARGET = 10.13;
				MTL_ENABLE_DEBUG_INFO = NO;
				MTL_FAST_MATH = YES;
				SDKROOT = macosx;
				SWIFT_COMPILATION_MODE = wholemodule;
				SWIFT_OPTIMIZATION_LEVEL = "-O";
			};
			name = Release;
		};
		855698BA2737F80F0006B556 /* Debug */ = {
			isa = XCBuildConfiguration;
			buildSettings = {
				ASSETCATALOG_COMPILER_APPICON_NAME = AppIcon;
				ASSETCATALOG_COMPILER_GLOBAL_ACCENT_COLOR_NAME = AccentColor;
				CLANG_ENABLE_MODULES = YES;
				CODE_SIGN_ENTITLEMENTS = MaClicker/MaClicker.entitlements;
				CODE_SIGN_IDENTITY = "Apple Development";
				CODE_SIGN_STYLE = Automatic;
				COMBINE_HIDPI_IMAGES = YES;
				CURRENT_PROJECT_VERSION = 3;
				DEVELOPMENT_TEAM = S5XDVPQ9J6;
				ENABLE_HARDENED_RUNTIME = YES;
				GENERATE_INFOPLIST_FILE = YES;
				INFOPLIST_FILE = MaClicker/Info.plist;
				INFOPLIST_KEY_LSApplicationCategoryType = "public.app-category.utilities";
				INFOPLIST_KEY_NSHumanReadableCopyright = "";
				INFOPLIST_KEY_NSMainStoryboardFile = Main;
				INFOPLIST_KEY_NSPrincipalClass = NSApplication;
				LD_RUNPATH_SEARCH_PATHS = (
					"$(inherited)",
					"@executable_path/../Frameworks",
				);
				MACOSX_DEPLOYMENT_TARGET = 10.13;
				MARKETING_VERSION = 1.2.0;
				PRODUCT_BUNDLE_IDENTIFIER = com.worldofbasti.maclicker;
				PRODUCT_NAME = "$(TARGET_NAME)";
				PROVISIONING_PROFILE_SPECIFIER = "";
				SWIFT_EMIT_LOC_STRINGS = YES;
				SWIFT_OPTIMIZATION_LEVEL = "-Onone";
				SWIFT_VERSION = 5.0;
			};
			name = Debug;
		};
		855698BB2737F80F0006B556 /* Release */ = {
			isa = XCBuildConfiguration;
			buildSettings = {
				ASSETCATALOG_COMPILER_APPICON_NAME = AppIcon;
				ASSETCATALOG_COMPILER_GLOBAL_ACCENT_COLOR_NAME = AccentColor;
				CLANG_ENABLE_MODULES = YES;
				CODE_SIGN_ENTITLEMENTS = MaClicker/MaClicker.entitlements;
				CODE_SIGN_IDENTITY = "Apple Development";
				CODE_SIGN_STYLE = Automatic;
				COMBINE_HIDPI_IMAGES = YES;
				CURRENT_PROJECT_VERSION = 3;
				DEVELOPMENT_TEAM = S5XDVPQ9J6;
				ENABLE_HARDENED_RUNTIME = YES;
				GENERATE_INFOPLIST_FILE = YES;
				INFOPLIST_FILE = MaClicker/Info.plist;
				INFOPLIST_KEY_LSApplicationCategoryType = "public.app-category.utilities";
				INFOPLIST_KEY_NSHumanReadableCopyright = "";
				INFOPLIST_KEY_NSMainStoryboardFile = Main;
				INFOPLIST_KEY_NSPrincipalClass = NSApplication;
				LD_RUNPATH_SEARCH_PATHS = (
					"$(inherited)",
					"@executable_path/../Frameworks",
				);
				MACOSX_DEPLOYMENT_TARGET = 10.13;
				MARKETING_VERSION = 1.2.0;
				PRODUCT_BUNDLE_IDENTIFIER = com.worldofbasti.maclicker;
				PRODUCT_NAME = "$(TARGET_NAME)";
				PROVISIONING_PROFILE_SPECIFIER = "";
				SWIFT_EMIT_LOC_STRINGS = YES;
				SWIFT_VERSION = 5.0;
			};
			name = Release;
		};
/* End XCBuildConfiguration section */

/* Begin XCConfigurationList section */
		855698A52737F80E0006B556 /* Build configuration list for PBXProject "MaClicker" */ = {
			isa = XCConfigurationList;
			buildConfigurations = (
				855698B72737F80F0006B556 /* Debug */,
				855698B82737F80F0006B556 /* Release */,
			);
			defaultConfigurationIsVisible = 0;
			defaultConfigurationName = Release;
		};
		855698B92737F80F0006B556 /* Build configuration list for PBXNativeTarget "MaClicker" */ = {
			isa = XCConfigurationList;
			buildConfigurations = (
				855698BA2737F80F0006B556 /* Debug */,
				855698BB2737F80F0006B556 /* Release */,
			);
			defaultConfigurationIsVisible = 0;
			defaultConfigurationName = Release;
		};
/* End XCConfigurationList section */

/* Begin XCRemoteSwiftPackageReference section */
		034F53072C93B5F1005DD00B /* XCRemoteSwiftPackageReference "Sparkle" */ = {
			isa = XCRemoteSwiftPackageReference;
			repositoryURL = "https://github.com/sparkle-project/Sparkle";
			requirement = {
				kind = upToNextMajorVersion;
				minimumVersion = 2.6.4;
			};
		};
		034F530D2C93B698005DD00B /* XCRemoteSwiftPackageReference "Sauce" */ = {
			isa = XCRemoteSwiftPackageReference;
			repositoryURL = "https://github.com/Clipy/Sauce";
			requirement = {
				kind = upToNextMajorVersion;
				minimumVersion = 2.4.1;
			};
		};
/* End XCRemoteSwiftPackageReference section */

/* Begin XCSwiftPackageProductDependency section */
		034F53082C93B5F1005DD00B /* Sparkle */ = {
			isa = XCSwiftPackageProductDependency;
			package = 034F53072C93B5F1005DD00B /* XCRemoteSwiftPackageReference "Sparkle" */;
			productName = Sparkle;
		};
		034F530E2C93B698005DD00B /* Sauce */ = {
			isa = XCSwiftPackageProductDependency;
			package = 034F530D2C93B698005DD00B /* XCRemoteSwiftPackageReference "Sauce" */;
			productName = Sauce;
		};
/* End XCSwiftPackageProductDependency section */
	};
	rootObject = 855698A22737F80E0006B556 /* Project object */;
}
